
Microsoft Visual Studio Solution File, Format Version 9.00
# Visual Studio 2005
Project("{8BC9CEB8-8B4A-11D0-8D11-00A0C91BC942}") = "log4shib", "log4shib\log4shib.vcproj", "{E165FFCB-F8FD-48E0-BBF3-0838CC7941F5}"
EndProject
Project("{8BC9CEB8-8B4A-11D0-8D11-00A0C91BC942}") = "log4shibDLL", "log4shibDLL\log4shibDLL.vcproj", "{694666C6-3646-4253-A4C7-9EAEBC96FF21}"
EndProject
Project("{8BC9CEB8-8B4A-11D0-8D11-00A0C91BC942}") = "testCategory", "testCategory\testCategory.vcproj", "{8685F2B4-37DA-49FD-A692-6A191AEF67A0}"
	ProjectSection(ProjectDependencies) = postProject
		{694666C6-3646-4253-A4C7-9EAEBC96FF21} = {694666C6-3646-4253-A4C7-9EAEBC96FF21}
	EndProjectSection
EndProject
Project("{8BC9CEB8-8B4A-11D0-8D11-00A0C91BC942}") = "testDLL", "testDLL\testDLL.vcproj", "{ED2EDBEF-D39E-47D0-BF6D-090F365C5583}"
	ProjectSection(ProjectDependencies) = postProject
		{694666C6-3646-4253-A4C7-9EAEBC96FF21} = {694666C6-3646-4253-A4C7-9EAEBC96FF21}
	EndProjectSection
EndProject
Project("{8BC9CEB8-8B4A-11D0-8D11-00A0C91BC942}") = "testMain", "testMain\testMain.vcproj", "{4B4112D6-1739-4346-926D-98A4CDEE576E}"
	ProjectSection(ProjectDependencies) = postProject
		{694666C6-3646-4253-A4C7-9EAEBC96FF21} = {694666C6-3646-4253-A4C7-9EAEBC96FF21}
	EndProjectSection
EndProject
Project("{8BC9CEB8-8B4A-11D0-8D11-00A0C91BC942}") = "testNDC", "testNDC\testNDC.vcproj", "{A2445168-1281-425D-B7A9-AE9B651B6190}"
	ProjectSection(ProjectDependencies) = postProject
		{694666C6-3646-4253-A4C7-9EAEBC96FF21} = {694666C6-3646-4253-A4C7-9EAEBC96FF21}
	EndProjectSection
EndProject
Project("{8BC9CEB8-8B4A-11D0-8D11-00A0C91BC942}") = "testNTEventLog", "testNTEventLog\testNTEventLog.vcproj", "{168660E9-5AE5-4AAC-8417-CF32F62D2329}"
	ProjectSection(ProjectDependencies) = postProject
		{694666C6-3646-4253-A4C7-9EAEBC96FF21} = {694666C6-3646-4253-A4C7-9EAEBC96FF21}
	EndProjectSection
EndProject
Project("{8BC9CEB8-8B4A-11D0-8D11-00A0C91BC942}") = "testPattern", "testPattern\testPattern.vcproj", "{7ADF954B-8E61-4636-B43B-9C50419AB003}"
	ProjectSection(ProjectDependencies) = postProject
		{694666C6-3646-4253-A4C7-9EAEBC96FF21} = {694666C6-3646-4253-A4C7-9EAEBC96FF21}
	EndProjectSection
EndProject
Global
	GlobalSection(SolutionConfigurationPlatforms) = preSolution
		Debug|Win32 = Debug|Win32
		Release|Win32 = Release|Win32
	EndGlobalSection
	GlobalSection(ProjectConfigurationPlatforms) = postSolution
		{E165FFCB-F8FD-48E0-BBF3-0838CC7941F5}.Debug|Win32.ActiveCfg = Debug|Win32
		{E165FFCB-F8FD-48E0-BBF3-0838CC7941F5}.Debug|Win32.Build.0 = Debug|Win32
		{E165FFCB-F8FD-48E0-BBF3-0838CC7941F5}.Release|Win32.ActiveCfg = Release|Win32
		{E165FFCB-F8FD-48E0-BBF3-0838CC7941F5}.Release|Win32.Build.0 = Release|Win32
		{694666C6-3646-4253-A4C7-9EAEBC96FF21}.Debug|Win32.ActiveCfg = Debug|Win32
		{694666C6-3646-4253-A4C7-9EAEBC96FF21}.Debug|Win32.Build.0 = Debug|Win32
		{694666C6-3646-4253-A4C7-9EAEBC96FF21}.Release|Win32.ActiveCfg = Release|Win32
		{694666C6-3646-4253-A4C7-9EAEBC96FF21}.Release|Win32.Build.0 = Release|Win32
		{8685F2B4-37DA-49FD-A692-6A191AEF67A0}.Debug|Win32.ActiveCfg = Debug|Win32
		{8685F2B4-37DA-49FD-A692-6A191AEF67A0}.Debug|Win32.Build.0 = Debug|Win32
		{8685F2B4-37DA-49FD-A692-6A191AEF67A0}.Release|Win32.ActiveCfg = Release|Win32
		{8685F2B4-37DA-49FD-A692-6A191AEF67A0}.Release|Win32.Build.0 = Release|Win32
		{ED2EDBEF-D39E-47D0-BF6D-090F365C5583}.Debug|Win32.ActiveCfg = Debug|Win32
		{ED2EDBEF-D39E-47D0-BF6D-090F365C5583}.Debug|Win32.Build.0 = Debug|Win32
		{ED2EDBEF-D39E-47D0-BF6D-090F365C5583}.Release|Win32.ActiveCfg = Release|Win32
		{ED2EDBEF-D39E-47D0-BF6D-090F365C5583}.Release|Win32.Build.0 = Release|Win32
		{4B4112D6-1739-4346-926D-98A4CDEE576E}.Debug|Win32.ActiveCfg = Debug|Win32
		{4B4112D6-1739-4346-926D-98A4CDEE576E}.Debug|Win32.Build.0 = Debug|Win32
		{4B4112D6-1739-4346-926D-98A4CDEE576E}.Release|Win32.ActiveCfg = Release|Win32
		{4B4112D6-1739-4346-926D-98A4CDEE576E}.Release|Win32.Build.0 = Release|Win32
		{A2445168-1281-425D-B7A9-AE9B651B6190}.Debug|Win32.ActiveCfg = Debug|Win32
		{A2445168-1281-425D-B7A9-AE9B651B6190}.Debug|Win32.Build.0 = Debug|Win32
		{A2445168-1281-425D-B7A9-AE9B651B6190}.Release|Win32.ActiveCfg = Release|Win32
		{A2445168-1281-425D-B7A9-AE9B651B6190}.Release|Win32.Build.0 = Release|Win32
		{168660E9-5AE5-4AAC-8417-CF32F62D2329}.Debug|Win32.ActiveCfg = Debug|Win32
		{168660E9-5AE5-4AAC-8417-CF32F62D2329}.Debug|Win32.Build.0 = Debug|Win32
		{168660E9-5AE5-4AAC-8417-CF32F62D2329}.Release|Win32.ActiveCfg = Release|Win32
		{168660E9-5AE5-4AAC-8417-CF32F62D2329}.Release|Win32.Build.0 = Release|Win32
		{7ADF954B-8E61-4636-B43B-9C50419AB003}.Debug|Win32.ActiveCfg = Debug|Win32
		{7ADF954B-8E61-4636-B43B-9C50419AB003}.Debug|Win32.Build.0 = Debug|Win32
		{7ADF954B-8E61-4636-B43B-9C50419AB003}.Release|Win32.ActiveCfg = Release|Win32
		{7ADF954B-8E61-4636-B43B-9C50419AB003}.Release|Win32.Build.0 = Release|Win32
	EndGlobalSection
	GlobalSection(SolutionProperties) = preSolution
		HideSolutionNode = FALSE
	EndGlobalSection
EndGlobal
